
Microsoft Visual Studio Solution File, Format Version 12.00
# Visual Studio Version 16
VisualStudioVersion = 16.0.29613.14
MinimumVisualStudioVersion = 10.0.40219.1
Project("{FAE04EC0-301F-11D3-BF4B-00C04F79EFBC}") = "ExportRoomGeometry", "ExportRoomGeometry\ExportRoomGeometry.csproj", "{833B62CA-35FC-42D0-82F5-4DF01E4427D3}"
EndProject
Global
	GlobalSection(SolutionConfigurationPlatforms) = preSolution
		Debug|Any CPU = Debug|Any CPU
		Release|Any CPU = Release|Any CPU
	EndGlobalSection
	GlobalSection(ProjectConfigurationPlatforms) = postSolution
		{833B62CA-35FC-42D0-82F5-4DF01E4427D3}.Debug|Any CPU.ActiveCfg = Debug|Any CPU
		{833B62CA-35FC-42D0-82F5-4DF01E4427D3}.Debug|Any CPU.Build.0 = Debug|Any CPU
		{833B62CA-35FC-42D0-82F5-4DF01E4427D3}.Release|Any CPU.ActiveCfg = Release|Any CPU
		{833B62CA-35FC-42D0-82F5-4DF01E4427D3}.Release|Any CPU.Build.0 = Release|Any CPU
	EndGlobalSection
	GlobalSection(SolutionProperties) = preSolution
		HideSolutionNode = FALSE
	EndGlobalSection
	GlobalSection(ExtensibilityGlobals) = postSolution
		SolutionGuid = {E51F72CB-A9AD-476B-908D-2B4163A637BF}
	EndGlobalSection
EndGlobal
